
Microsoft Visual Studio Solution File, Format Version 12.00
# Visual Studio Version 17
VisualStudioVersion = 17.10.35122.118
MinimumVisualStudioVersion = 10.0.40219.1
Project("{FAE04EC0-301F-11D3-BF4B-00C04F79EFBC}") = "UITraining", "UITraining.csproj", "{7846113E-87B1-4120-80BB-71AA49057B1E}"
EndProject
Global
	GlobalSection(SolutionConfigurationPlatforms) = preSolution
		Debug|Any CPU = Debug|Any CPU
		Release|Any CPU = Release|Any CPU
	EndGlobalSection
	GlobalSection(ProjectConfigurationPlatforms) = postSolution
		{7846113E-87B1-4120-80BB-71AA49057B1E}.Debug|Any CPU.ActiveCfg = Debug|Any CPU
		{7846113E-87B1-4120-80BB-71AA49057B1E}.Debug|Any CPU.Build.0 = Debug|Any CPU
		{7846113E-87B1-4120-80BB-71AA49057B1E}.Release|Any CPU.ActiveCfg = Release|Any CPU
		{7846113E-87B1-4120-80BB-71AA49057B1E}.Release|Any CPU.Build.0 = Release|Any CPU
	EndGlobalSection
	GlobalSection(SolutionProperties) = preSolution
		HideSolutionNode = FALSE
	EndGlobalSection
	GlobalSection(ExtensibilityGlobals) = postSolution
		SolutionGuid = {7737A787-B774-488C-BE56-E8C1ECA65114}
	EndGlobalSection
EndGlobal
